// !$*UTF8*$!
{
	archiveVersion = 1;
	classes = {
	};
	objectVersion = 56;
	objects = {

/* Begin PBXBuildFile section */
		B05737862B5FAB1F0089267C /* AppDelegate.swift in Sources */ = {isa = PBXBuildFile; fileRef = B05737852B5FAB1F0089267C /* AppDelegate.swift */; };
		B05737882B5FAB1F0089267C /* SceneDelegate.swift in Sources */ = {isa = PBXBuildFile; fileRef = B05737872B5FAB1F0089267C /* SceneDelegate.swift */; };
		B057378A2B5FAB1F0089267C /* HomeViewController.swift in Sources */ = {isa = PBXBuildFile; fileRef = B05737892B5FAB1F0089267C /* HomeViewController.swift */; };
		B057378F2B5FAB200089267C /* Assets.xcassets in Resources */ = {isa = PBXBuildFile; fileRef = B057378E2B5FAB200089267C /* Assets.xcassets */; };
		B05737922B5FAB200089267C /* LaunchScreen.storyboard in Resources */ = {isa = PBXBuildFile; fileRef = B05737902B5FAB200089267C /* LaunchScreen.storyboard */; };
		B057379D2B5FAB210089267C /* HomeViewModelTests.swift in Sources */ = {isa = PBXBuildFile; fileRef = B057379C2B5FAB210089267C /* HomeViewModelTests.swift */; };
		B05737BA2B5FB0480089267C /* UIView+Extension.swift in Sources */ = {isa = PBXBuildFile; fileRef = B05737B92B5FB0480089267C /* UIView+Extension.swift */; };
		B05737BD2B5FB6370089267C /* UIViewController+Extension.swift in Sources */ = {isa = PBXBuildFile; fileRef = B05737BC2B5FB6370089267C /* UIViewController+Extension.swift */; };
		B05737C02B5FEAC80089267C /* Utils.swift in Sources */ = {isa = PBXBuildFile; fileRef = B05737BF2B5FEAC80089267C /* Utils.swift */; };
		B05737C32B609DC90089267C /* DaangnColorSystem.swift in Sources */ = {isa = PBXBuildFile; fileRef = B05737C22B609DC90089267C /* DaangnColorSystem.swift */; };
		B05737C52B609FDF0089267C /* UIButton+Extension.swift in Sources */ = {isa = PBXBuildFile; fileRef = B05737C42B609FDF0089267C /* UIButton+Extension.swift */; };
		B05737C72B60A16E0089267C /* HomeViewModel.swift in Sources */ = {isa = PBXBuildFile; fileRef = B05737C62B60A16E0089267C /* HomeViewModel.swift */; };
		B05737CA2B60A19F0089267C /* ViewModelType.swift in Sources */ = {isa = PBXBuildFile; fileRef = B05737C92B60A19F0089267C /* ViewModelType.swift */; };
		B05737CF2B60EABA0089267C /* AppDependency.swift in Sources */ = {isa = PBXBuildFile; fileRef = B05737CE2B60EABA0089267C /* AppDependency.swift */; };
		B05737D22B60EC5A0089267C /* HomeFactory.swift in Sources */ = {isa = PBXBuildFile; fileRef = B05737D12B60EC5A0089267C /* HomeFactory.swift */; };
		B05737D82B60ED940089267C /* HomeFeatureComponent.swift in Sources */ = {isa = PBXBuildFile; fileRef = B05737D72B60ED940089267C /* HomeFeatureComponent.swift */; };
		B05737DA2B60EDDF0089267C /* HomeFactoryImpl.swift in Sources */ = {isa = PBXBuildFile; fileRef = B05737D92B60EDDF0089267C /* HomeFactoryImpl.swift */; };
		B05737DE2B60F1D50089267C /* UIControl+publisher.swift in Sources */ = {isa = PBXBuildFile; fileRef = B05737DD2B60F1D50089267C /* UIControl+publisher.swift */; };
		B05737E02B60F74D0089267C /* UIButton+publisher.swift in Sources */ = {isa = PBXBuildFile; fileRef = B05737DF2B60F74D0089267C /* UIButton+publisher.swift */; };
		B05737EC2B61132D0089267C /* PhotoPickerFactory.swift in Sources */ = {isa = PBXBuildFile; fileRef = B05737EB2B61132D0089267C /* PhotoPickerFactory.swift */; };
		B05737F02B6114350089267C /* PhotoPickerComponent.swift in Sources */ = {isa = PBXBuildFile; fileRef = B05737EF2B6114350089267C /* PhotoPickerComponent.swift */; };
		B05737F22B61145A0089267C /* PhotoPickerFactoryImpl.swift in Sources */ = {isa = PBXBuildFile; fileRef = B05737F12B61145A0089267C /* PhotoPickerFactoryImpl.swift */; };
		B05737F52B6114C50089267C /* PhotoPickerViewController.swift in Sources */ = {isa = PBXBuildFile; fileRef = B05737F42B6114C50089267C /* PhotoPickerViewController.swift */; };
		B05737F82B6117F20089267C /* PhotoPickerViewModel.swift in Sources */ = {isa = PBXBuildFile; fileRef = B05737F72B6117F20089267C /* PhotoPickerViewModel.swift */; };
		B05737FF2B6124100089267C /* NavigationBarView.swift in Sources */ = {isa = PBXBuildFile; fileRef = B05737FE2B61240F0089267C /* NavigationBarView.swift */; };
		B05738022B612DE30089267C /* DaangnImageSystem.swift in Sources */ = {isa = PBXBuildFile; fileRef = B05738012B612DE30089267C /* DaangnImageSystem.swift */; };
		B05738042B6145300089267C /* NavigationBarViewDelegate+PhotoPickerViewController.swift in Sources */ = {isa = PBXBuildFile; fileRef = B05738032B6145300089267C /* NavigationBarViewDelegate+PhotoPickerViewController.swift */; };
		B05738072B614B4C0089267C /* BottomEditButtonContainerView.swift in Sources */ = {isa = PBXBuildFile; fileRef = B05738062B614B4C0089267C /* BottomEditButtonContainerView.swift */; };
		B05738092B615D670089267C /* UIImage+Extension.swift in Sources */ = {isa = PBXBuildFile; fileRef = B05738082B615D670089267C /* UIImage+Extension.swift */; };
		B057380C2B620E370089267C /* GridCollectionViewFlowLayout.swift in Sources */ = {isa = PBXBuildFile; fileRef = B057380B2B620E370089267C /* GridCollectionViewFlowLayout.swift */; };
		B057380E2B620F740089267C /* PhotoPickerCollectionViewCell.swift in Sources */ = {isa = PBXBuildFile; fileRef = B057380D2B620F740089267C /* PhotoPickerCollectionViewCell.swift */; };
		B05738112B623BF10089267C /* CollectionViewDelegate+PhotoPickerViewController.swift in Sources */ = {isa = PBXBuildFile; fileRef = B05738102B623BF10089267C /* CollectionViewDelegate+PhotoPickerViewController.swift */; };
		B05738142B625D930089267C /* ImageEntity.swift in Sources */ = {isa = PBXBuildFile; fileRef = B05738132B625D930089267C /* ImageEntity.swift */; };
		B05738162B62614F0089267C /* RequestPermissionable.swift in Sources */ = {isa = PBXBuildFile; fileRef = B05738152B62614F0089267C /* RequestPermissionable.swift */; };
		B05738182B6263810089267C /* RequestPermissionable+PhotoPickerViewController.swift in Sources */ = {isa = PBXBuildFile; fileRef = B05738172B6263810089267C /* RequestPermissionable+PhotoPickerViewController.swift */; };
		B057381A2B6292860089267C /* PHAsset+Extension.swift in Sources */ = {isa = PBXBuildFile; fileRef = B05738192B6292860089267C /* PHAsset+Extension.swift */; };
		B057381F2B6385170089267C /* EditListViewController.swift in Sources */ = {isa = PBXBuildFile; fileRef = B057381E2B6385170089267C /* EditListViewController.swift */; };
		B05738222B638A440089267C /* EditListFactory.swift in Sources */ = {isa = PBXBuildFile; fileRef = B05738212B638A440089267C /* EditListFactory.swift */; };
		B05738252B638A7A0089267C /* EditListComponent.swift in Sources */ = {isa = PBXBuildFile; fileRef = B05738242B638A7A0089267C /* EditListComponent.swift */; };
		B05738272B638AFA0089267C /* EditListFactoryImpl.swift in Sources */ = {isa = PBXBuildFile; fileRef = B05738262B638AFA0089267C /* EditListFactoryImpl.swift */; };
		B057382A2B638B760089267C /* EditListViewModel.swift in Sources */ = {isa = PBXBuildFile; fileRef = B05738292B638B760089267C /* EditListViewModel.swift */; };
		B057382C2B63932D0089267C /* BottomEditButtonContainerView+PhotoPickerViewController.swift in Sources */ = {isa = PBXBuildFile; fileRef = B057382B2B63932D0089267C /* BottomEditButtonContainerView+PhotoPickerViewController.swift */; };
		B057382F2B6399360089267C /* NavigationBarViewDelegate+EditListViewController.swift in Sources */ = {isa = PBXBuildFile; fileRef = B057382E2B6399360089267C /* NavigationBarViewDelegate+EditListViewController.swift */; };
		B05738312B63A3210089267C /* CollectionViewDelegate+EditListViewController.swift in Sources */ = {isa = PBXBuildFile; fileRef = B05738302B63A3210089267C /* CollectionViewDelegate+EditListViewController.swift */; };
		B05738342B63ADD10089267C /* EditListCollectionViewCell.swift in Sources */ = {isa = PBXBuildFile; fileRef = B05738332B63ADD10089267C /* EditListCollectionViewCell.swift */; };
		B05738362B63D3210089267C /* CropViewController.swift in Sources */ = {isa = PBXBuildFile; fileRef = B05738352B63D3210089267C /* CropViewController.swift */; };
		B05738382B63D3720089267C /* CropViewModel.swift in Sources */ = {isa = PBXBuildFile; fileRef = B05738372B63D3720089267C /* CropViewModel.swift */; };
		B057383F2B63D3E40089267C /* CropFactory.swift in Sources */ = {isa = PBXBuildFile; fileRef = B057383E2B63D3E40089267C /* CropFactory.swift */; };
		B05738422B63D4360089267C /* CropFactoryImpl.swift in Sources */ = {isa = PBXBuildFile; fileRef = B05738412B63D4360089267C /* CropFactoryImpl.swift */; };
		B05738442B63D48D0089267C /* CropComponent.swift in Sources */ = {isa = PBXBuildFile; fileRef = B05738432B63D48D0089267C /* CropComponent.swift */; };
		B05738472B63E8A00089267C /* CropView.swift in Sources */ = {isa = PBXBuildFile; fileRef = B05738462B63E8A00089267C /* CropView.swift */; };
		B057384B2B63F1200089267C /* UIBezierPath+Extension.swift in Sources */ = {isa = PBXBuildFile; fileRef = B057384A2B63F1200089267C /* UIBezierPath+Extension.swift */; };
		B057384D2B64AC510089267C /* PhotoPickerViewModelTests.swift in Sources */ = {isa = PBXBuildFile; fileRef = B057384C2B64AC510089267C /* PhotoPickerViewModelTests.swift */; };
		B057385E2B64F4760089267C /* UIImageVIew+Extension.swift in Sources */ = {isa = PBXBuildFile; fileRef = B057385D2B64F4760089267C /* UIImageVIew+Extension.swift */; };
		B05738602B6501410089267C /* CropPickerView.swift in Sources */ = {isa = PBXBuildFile; fileRef = B057385F2B6501410089267C /* CropPickerView.swift */; };
		B05738622B6509A60089267C /* CircleButton.swift in Sources */ = {isa = PBXBuildFile; fileRef = B05738612B6509A60089267C /* CircleButton.swift */; };
		B05738662B6529F50089267C /* EditListViewModelTests.swift in Sources */ = {isa = PBXBuildFile; fileRef = B05738652B6529F50089267C /* EditListViewModelTests.swift */; };
		B057386A2B65350C0089267C /* CollectionViewDelegate+HomeViewController.swift in Sources */ = {isa = PBXBuildFile; fileRef = B05738692B65350C0089267C /* CollectionViewDelegate+HomeViewController.swift */; };
		B057386C2B660A660089267C /* AlbumInfo.swift in Sources */ = {isa = PBXBuildFile; fileRef = B057386B2B660A660089267C /* AlbumInfo.swift */; };
		B05738702B660F8C0089267C /* AlbumPickerVIewController.swift in Sources */ = {isa = PBXBuildFile; fileRef = B057386F2B660F8C0089267C /* AlbumPickerVIewController.swift */; };
		B05738722B661D500089267C /* AlbumPickerVIewControllerDelegate+PhotoPickerViewController.swift in Sources */ = {isa = PBXBuildFile; fileRef = B05738712B661D500089267C /* AlbumPickerVIewControllerDelegate+PhotoPickerViewController.swift */; };
/* End PBXBuildFile section */

/* Begin PBXContainerItemProxy section */
		B05737992B5FAB210089267C /* PBXContainerItemProxy */ = {
			isa = PBXContainerItemProxy;
			containerPortal = B057377A2B5FAB1F0089267C /* Project object */;
			proxyType = 1;
			remoteGlobalIDString = B05737812B5FAB1F0089267C;
			remoteInfo = PhotoPicker;
		};
/* End PBXContainerItemProxy section */

/* Begin PBXFileReference section */
		B05737822B5FAB1F0089267C /* PhotoPicker.app */ = {isa = PBXFileReference; explicitFileType = wrapper.application; includeInIndex = 0; path = PhotoPicker.app; sourceTree = BUILT_PRODUCTS_DIR; };
		B05737852B5FAB1F0089267C /* AppDelegate.swift */ = {isa = PBXFileReference; lastKnownFileType = sourcecode.swift; path = AppDelegate.swift; sourceTree = "<group>"; };
		B05737872B5FAB1F0089267C /* SceneDelegate.swift */ = {isa = PBXFileReference; lastKnownFileType = sourcecode.swift; path = SceneDelegate.swift; sourceTree = "<group>"; };
		B05737892B5FAB1F0089267C /* HomeViewController.swift */ = {isa = PBXFileReference; lastKnownFileType = sourcecode.swift; path = HomeViewController.swift; sourceTree = "<group>"; };
		B057378E2B5FAB200089267C /* Assets.xcassets */ = {isa = PBXFileReference; lastKnownFileType = folder.assetcatalog; path = Assets.xcassets; sourceTree = "<group>"; };
		B05737912B5FAB200089267C /* Base */ = {isa = PBXFileReference; lastKnownFileType = file.storyboard; name = Base; path = Base.lproj/LaunchScreen.storyboard; sourceTree = "<group>"; };
		B05737932B5FAB200089267C /* Info.plist */ = {isa = PBXFileReference; lastKnownFileType = text.plist.xml; path = Info.plist; sourceTree = "<group>"; };
		B05737982B5FAB210089267C /* PhotoPickerTests.xctest */ = {isa = PBXFileReference; explicitFileType = wrapper.cfbundle; includeInIndex = 0; path = PhotoPickerTests.xctest; sourceTree = BUILT_PRODUCTS_DIR; };
		B057379C2B5FAB210089267C /* HomeViewModelTests.swift */ = {isa = PBXFileReference; lastKnownFileType = sourcecode.swift; path = HomeViewModelTests.swift; sourceTree = "<group>"; };
		B05737B92B5FB0480089267C /* UIView+Extension.swift */ = {isa = PBXFileReference; lastKnownFileType = sourcecode.swift; path = "UIView+Extension.swift"; sourceTree = "<group>"; };
		B05737BC2B5FB6370089267C /* UIViewController+Extension.swift */ = {isa = PBXFileReference; lastKnownFileType = sourcecode.swift; path = "UIViewController+Extension.swift"; sourceTree = "<group>"; };
		B05737BF2B5FEAC80089267C /* Utils.swift */ = {isa = PBXFileReference; lastKnownFileType = sourcecode.swift; path = Utils.swift; sourceTree = "<group>"; };
		B05737C22B609DC90089267C /* DaangnColorSystem.swift */ = {isa = PBXFileReference; lastKnownFileType = sourcecode.swift; path = DaangnColorSystem.swift; sourceTree = "<group>"; };
		B05737C42B609FDF0089267C /* UIButton+Extension.swift */ = {isa = PBXFileReference; lastKnownFileType = sourcecode.swift; path = "UIButton+Extension.swift"; sourceTree = "<group>"; };
		B05737C62B60A16E0089267C /* HomeViewModel.swift */ = {isa = PBXFileReference; lastKnownFileType = sourcecode.swift; path = HomeViewModel.swift; sourceTree = "<group>"; };
		B05737C92B60A19F0089267C /* ViewModelType.swift */ = {isa = PBXFileReference; lastKnownFileType = sourcecode.swift; path = ViewModelType.swift; sourceTree = "<group>"; };
		B05737CE2B60EABA0089267C /* AppDependency.swift */ = {isa = PBXFileReference; lastKnownFileType = sourcecode.swift; path = AppDependency.swift; sourceTree = "<group>"; };
		B05737D12B60EC5A0089267C /* HomeFactory.swift */ = {isa = PBXFileReference; lastKnownFileType = sourcecode.swift; path = HomeFactory.swift; sourceTree = "<group>"; };
		B05737D72B60ED940089267C /* HomeFeatureComponent.swift */ = {isa = PBXFileReference; lastKnownFileType = sourcecode.swift; path = HomeFeatureComponent.swift; sourceTree = "<group>"; };
		B05737D92B60EDDF0089267C /* HomeFactoryImpl.swift */ = {isa = PBXFileReference; lastKnownFileType = sourcecode.swift; path = HomeFactoryImpl.swift; sourceTree = "<group>"; };
		B05737DD2B60F1D50089267C /* UIControl+publisher.swift */ = {isa = PBXFileReference; lastKnownFileType = sourcecode.swift; path = "UIControl+publisher.swift"; sourceTree = "<group>"; };
		B05737DF2B60F74D0089267C /* UIButton+publisher.swift */ = {isa = PBXFileReference; lastKnownFileType = sourcecode.swift; path = "UIButton+publisher.swift"; sourceTree = "<group>"; };
		B05737EB2B61132D0089267C /* PhotoPickerFactory.swift */ = {isa = PBXFileReference; lastKnownFileType = sourcecode.swift; path = PhotoPickerFactory.swift; sourceTree = "<group>"; };
		B05737EF2B6114350089267C /* PhotoPickerComponent.swift */ = {isa = PBXFileReference; lastKnownFileType = sourcecode.swift; path = PhotoPickerComponent.swift; sourceTree = "<group>"; };
		B05737F12B61145A0089267C /* PhotoPickerFactoryImpl.swift */ = {isa = PBXFileReference; lastKnownFileType = sourcecode.swift; path = PhotoPickerFactoryImpl.swift; sourceTree = "<group>"; };
		B05737F42B6114C50089267C /* PhotoPickerViewController.swift */ = {isa = PBXFileReference; lastKnownFileType = sourcecode.swift; path = PhotoPickerViewController.swift; sourceTree = "<group>"; };
		B05737F72B6117F20089267C /* PhotoPickerViewModel.swift */ = {isa = PBXFileReference; lastKnownFileType = sourcecode.swift; path = PhotoPickerViewModel.swift; sourceTree = "<group>"; };
		B05737FE2B61240F0089267C /* NavigationBarView.swift */ = {isa = PBXFileReference; lastKnownFileType = sourcecode.swift; path = NavigationBarView.swift; sourceTree = "<group>"; };
		B05738012B612DE30089267C /* DaangnImageSystem.swift */ = {isa = PBXFileReference; lastKnownFileType = sourcecode.swift; path = DaangnImageSystem.swift; sourceTree = "<group>"; };
		B05738032B6145300089267C /* NavigationBarViewDelegate+PhotoPickerViewController.swift */ = {isa = PBXFileReference; lastKnownFileType = sourcecode.swift; path = "NavigationBarViewDelegate+PhotoPickerViewController.swift"; sourceTree = "<group>"; };
		B05738062B614B4C0089267C /* BottomEditButtonContainerView.swift */ = {isa = PBXFileReference; lastKnownFileType = sourcecode.swift; path = BottomEditButtonContainerView.swift; sourceTree = "<group>"; };
		B05738082B615D670089267C /* UIImage+Extension.swift */ = {isa = PBXFileReference; lastKnownFileType = sourcecode.swift; path = "UIImage+Extension.swift"; sourceTree = "<group>"; };
		B057380B2B620E370089267C /* GridCollectionViewFlowLayout.swift */ = {isa = PBXFileReference; lastKnownFileType = sourcecode.swift; path = GridCollectionViewFlowLayout.swift; sourceTree = "<group>"; };
		B057380D2B620F740089267C /* PhotoPickerCollectionViewCell.swift */ = {isa = PBXFileReference; lastKnownFileType = sourcecode.swift; path = PhotoPickerCollectionViewCell.swift; sourceTree = "<group>"; };
		B05738102B623BF10089267C /* CollectionViewDelegate+PhotoPickerViewController.swift */ = {isa = PBXFileReference; lastKnownFileType = sourcecode.swift; path = "CollectionViewDelegate+PhotoPickerViewController.swift"; sourceTree = "<group>"; };
		B05738132B625D930089267C /* ImageEntity.swift */ = {isa = PBXFileReference; lastKnownFileType = sourcecode.swift; path = ImageEntity.swift; sourceTree = "<group>"; };
		B05738152B62614F0089267C /* RequestPermissionable.swift */ = {isa = PBXFileReference; lastKnownFileType = sourcecode.swift; path = RequestPermissionable.swift; sourceTree = "<group>"; };
		B05738172B6263810089267C /* RequestPermissionable+PhotoPickerViewController.swift */ = {isa = PBXFileReference; lastKnownFileType = sourcecode.swift; path = "RequestPermissionable+PhotoPickerViewController.swift"; sourceTree = "<group>"; };
		B05738192B6292860089267C /* PHAsset+Extension.swift */ = {isa = PBXFileReference; lastKnownFileType = sourcecode.swift; path = "PHAsset+Extension.swift"; sourceTree = "<group>"; };
		B057381E2B6385170089267C /* EditListViewController.swift */ = {isa = PBXFileReference; lastKnownFileType = sourcecode.swift; path = EditListViewController.swift; sourceTree = "<group>"; };
		B05738212B638A440089267C /* EditListFactory.swift */ = {isa = PBXFileReference; lastKnownFileType = sourcecode.swift; path = EditListFactory.swift; sourceTree = "<group>"; };
		B05738242B638A7A0089267C /* EditListComponent.swift */ = {isa = PBXFileReference; lastKnownFileType = sourcecode.swift; path = EditListComponent.swift; sourceTree = "<group>"; };
		B05738262B638AFA0089267C /* EditListFactoryImpl.swift */ = {isa = PBXFileReference; lastKnownFileType = sourcecode.swift; path = EditListFactoryImpl.swift; sourceTree = "<group>"; };
		B05738292B638B760089267C /* EditListViewModel.swift */ = {isa = PBXFileReference; lastKnownFileType = sourcecode.swift; path = EditListViewModel.swift; sourceTree = "<group>"; };
		B057382B2B63932D0089267C /* BottomEditButtonContainerView+PhotoPickerViewController.swift */ = {isa = PBXFileReference; lastKnownFileType = sourcecode.swift; path = "BottomEditButtonContainerView+PhotoPickerViewController.swift"; sourceTree = "<group>"; };
		B057382E2B6399360089267C /* NavigationBarViewDelegate+EditListViewController.swift */ = {isa = PBXFileReference; lastKnownFileType = sourcecode.swift; path = "NavigationBarViewDelegate+EditListViewController.swift"; sourceTree = "<group>"; };
		B05738302B63A3210089267C /* CollectionViewDelegate+EditListViewController.swift */ = {isa = PBXFileReference; lastKnownFileType = sourcecode.swift; path = "CollectionViewDelegate+EditListViewController.swift"; sourceTree = "<group>"; };
		B05738332B63ADD10089267C /* EditListCollectionViewCell.swift */ = {isa = PBXFileReference; lastKnownFileType = sourcecode.swift; path = EditListCollectionViewCell.swift; sourceTree = "<group>"; };
		B05738352B63D3210089267C /* CropViewController.swift */ = {isa = PBXFileReference; lastKnownFileType = sourcecode.swift; path = CropViewController.swift; sourceTree = "<group>"; };
		B05738372B63D3720089267C /* CropViewModel.swift */ = {isa = PBXFileReference; lastKnownFileType = sourcecode.swift; path = CropViewModel.swift; sourceTree = "<group>"; };
		B057383E2B63D3E40089267C /* CropFactory.swift */ = {isa = PBXFileReference; lastKnownFileType = sourcecode.swift; path = CropFactory.swift; sourceTree = "<group>"; };
		B05738412B63D4360089267C /* CropFactoryImpl.swift */ = {isa = PBXFileReference; lastKnownFileType = sourcecode.swift; path = CropFactoryImpl.swift; sourceTree = "<group>"; };
		B05738432B63D48D0089267C /* CropComponent.swift */ = {isa = PBXFileReference; lastKnownFileType = sourcecode.swift; path = CropComponent.swift; sourceTree = "<group>"; };
		B05738462B63E8A00089267C /* CropView.swift */ = {isa = PBXFileReference; lastKnownFileType = sourcecode.swift; path = CropView.swift; sourceTree = "<group>"; };
		B057384A2B63F1200089267C /* UIBezierPath+Extension.swift */ = {isa = PBXFileReference; lastKnownFileType = sourcecode.swift; path = "UIBezierPath+Extension.swift"; sourceTree = "<group>"; };
		B057384C2B64AC510089267C /* PhotoPickerViewModelTests.swift */ = {isa = PBXFileReference; lastKnownFileType = sourcecode.swift; path = PhotoPickerViewModelTests.swift; sourceTree = "<group>"; };
		B057385D2B64F4760089267C /* UIImageVIew+Extension.swift */ = {isa = PBXFileReference; lastKnownFileType = sourcecode.swift; path = "UIImageVIew+Extension.swift"; sourceTree = "<group>"; };
		B057385F2B6501410089267C /* CropPickerView.swift */ = {isa = PBXFileReference; lastKnownFileType = sourcecode.swift; path = CropPickerView.swift; sourceTree = "<group>"; };
		B05738612B6509A60089267C /* CircleButton.swift */ = {isa = PBXFileReference; lastKnownFileType = sourcecode.swift; path = CircleButton.swift; sourceTree = "<group>"; };
		B05738652B6529F50089267C /* EditListViewModelTests.swift */ = {isa = PBXFileReference; lastKnownFileType = sourcecode.swift; path = EditListViewModelTests.swift; sourceTree = "<group>"; };
		B05738692B65350C0089267C /* CollectionViewDelegate+HomeViewController.swift */ = {isa = PBXFileReference; lastKnownFileType = sourcecode.swift; path = "CollectionViewDelegate+HomeViewController.swift"; sourceTree = "<group>"; };
		B057386B2B660A660089267C /* AlbumInfo.swift */ = {isa = PBXFileReference; lastKnownFileType = sourcecode.swift; path = AlbumInfo.swift; sourceTree = "<group>"; };
		B057386F2B660F8C0089267C /* AlbumPickerVIewController.swift */ = {isa = PBXFileReference; lastKnownFileType = sourcecode.swift; path = AlbumPickerVIewController.swift; sourceTree = "<group>"; };
		B05738712B661D500089267C /* AlbumPickerVIewControllerDelegate+PhotoPickerViewController.swift */ = {isa = PBXFileReference; lastKnownFileType = sourcecode.swift; path = "AlbumPickerVIewControllerDelegate+PhotoPickerViewController.swift"; sourceTree = "<group>"; };
/* End PBXFileReference section */

/* Begin PBXFrameworksBuildPhase section */
		B057377F2B5FAB1F0089267C /* Frameworks */ = {
			isa = PBXFrameworksBuildPhase;
			buildActionMask = 2147483647;
			files = (
			);
			runOnlyForDeploymentPostprocessing = 0;
		};
		B05737952B5FAB210089267C /* Frameworks */ = {
			isa = PBXFrameworksBuildPhase;
			buildActionMask = 2147483647;
			files = (
			);
			runOnlyForDeploymentPostprocessing = 0;
		};
/* End PBXFrameworksBuildPhase section */

/* Begin PBXGroup section */
		B05737792B5FAB1F0089267C = {
			isa = PBXGroup;
			children = (
				B05737842B5FAB1F0089267C /* PhotoPicker */,
				B057379B2B5FAB210089267C /* PhotoPickerTests */,
				B05737832B5FAB1F0089267C /* Products */,
			);
			sourceTree = "<group>";
		};
		B05737832B5FAB1F0089267C /* Products */ = {
			isa = PBXGroup;
			children = (
				B05737822B5FAB1F0089267C /* PhotoPicker.app */,
				B05737982B5FAB210089267C /* PhotoPickerTests.xctest */,
			);
			name = Products;
			sourceTree = "<group>";
		};
		B05737842B5FAB1F0089267C /* PhotoPicker */ = {
			isa = PBXGroup;
			children = (
				B05737FD2B6123E40089267C /* UserInterface */,
				B05737CC2B60E8C20089267C /* Feature */,
				B05737CB2B60E89E0089267C /* Shared */,
				B05737B62B5FADAB0089267C /* App */,
				B057378E2B5FAB200089267C /* Assets.xcassets */,
				B05737902B5FAB200089267C /* LaunchScreen.storyboard */,
				B05737932B5FAB200089267C /* Info.plist */,
			);
			path = PhotoPicker;
			sourceTree = "<group>";
		};
		B057379B2B5FAB210089267C /* PhotoPickerTests */ = {
			isa = PBXGroup;
			children = (
				B057379C2B5FAB210089267C /* HomeViewModelTests.swift */,
				B057384C2B64AC510089267C /* PhotoPickerViewModelTests.swift */,
				B05738652B6529F50089267C /* EditListViewModelTests.swift */,
			);
			path = PhotoPickerTests;
			sourceTree = "<group>";
		};
		B05737B52B5FAD370089267C /* HomeFeature */ = {
			isa = PBXGroup;
			children = (
				B05737D32B60ED510089267C /* Sources */,
				B05737D02B60EC160089267C /* Interface */,
			);
			path = HomeFeature;
			sourceTree = "<group>";
		};
		B05737B62B5FADAB0089267C /* App */ = {
			isa = PBXGroup;
			children = (
				B05737852B5FAB1F0089267C /* AppDelegate.swift */,
				B05737872B5FAB1F0089267C /* SceneDelegate.swift */,
				B05737CE2B60EABA0089267C /* AppDependency.swift */,
			);
			path = App;
			sourceTree = "<group>";
		};
		B05737B72B5FAFA00089267C /* Utility */ = {
			isa = PBXGroup;
			children = (
				B05737C82B60A1800089267C /* Protocols */,
				B05737BE2B5FEABA0089267C /* Utils */,
				B05737B82B5FB0310089267C /* Extensions */,
			);
			path = Utility;
			sourceTree = "<group>";
		};
		B05737B82B5FB0310089267C /* Extensions */ = {
			isa = PBXGroup;
			children = (
				B05737B92B5FB0480089267C /* UIView+Extension.swift */,
				B05737BC2B5FB6370089267C /* UIViewController+Extension.swift */,
				B05737C42B609FDF0089267C /* UIButton+Extension.swift */,
				B05738082B615D670089267C /* UIImage+Extension.swift */,
				B05738192B6292860089267C /* PHAsset+Extension.swift */,
				B057384A2B63F1200089267C /* UIBezierPath+Extension.swift */,
				B057385D2B64F4760089267C /* UIImageVIew+Extension.swift */,
			);
			path = Extensions;
			sourceTree = "<group>";
		};
		B05737BE2B5FEABA0089267C /* Utils */ = {
			isa = PBXGroup;
			children = (
				B05737BF2B5FEAC80089267C /* Utils.swift */,
			);
			path = Utils;
			sourceTree = "<group>";
		};
		B05737C12B609D8B0089267C /* ResourceSystem */ = {
			isa = PBXGroup;
			children = (
				B05737C22B609DC90089267C /* DaangnColorSystem.swift */,
				B05738012B612DE30089267C /* DaangnImageSystem.swift */,
			);
			path = ResourceSystem;
			sourceTree = "<group>";
		};
		B05737C82B60A1800089267C /* Protocols */ = {
			isa = PBXGroup;
			children = (
				B05737C92B60A19F0089267C /* ViewModelType.swift */,
				B05738152B62614F0089267C /* RequestPermissionable.swift */,
			);
			path = Protocols;
			sourceTree = "<group>";
		};
		B05737CB2B60E89E0089267C /* Shared */ = {
			isa = PBXGroup;
			children = (
				B05737DC2B60F1B40089267C /* Combine */,
				B05737B72B5FAFA00089267C /* Utility */,
			);
			path = Shared;
			sourceTree = "<group>";
		};
		B05737CC2B60E8C20089267C /* Feature */ = {
			isa = PBXGroup;
			children = (
				B05738392B63D3B60089267C /* CropFeature */,
				B057381B2B6384260089267C /* EditFeature */,
				B05737E92B61123F0089267C /* PhotoPickerFeature */,
				B05737B52B5FAD370089267C /* HomeFeature */,
			);
			path = Feature;
			sourceTree = "<group>";
		};
		B05737D02B60EC160089267C /* Interface */ = {
			isa = PBXGroup;
			children = (
				B05737D12B60EC5A0089267C /* HomeFactory.swift */,
			);
			path = Interface;
			sourceTree = "<group>";
		};
		B05737D32B60ED510089267C /* Sources */ = {
			isa = PBXGroup;
			children = (
				B05737D62B60ED790089267C /* DI */,
				B05737D52B60ED710089267C /* VM */,
				B05737D42B60ED640089267C /* VC */,
			);
			path = Sources;
			sourceTree = "<group>";
		};
		B05737D42B60ED640089267C /* VC */ = {
			isa = PBXGroup;
			children = (
				B05738682B6534F70089267C /* Protocolimpl */,
				B05737892B5FAB1F0089267C /* HomeViewController.swift */,
			);
			path = VC;
			sourceTree = "<group>";
		};
		B05737D52B60ED710089267C /* VM */ = {
			isa = PBXGroup;
			children = (
				B05737C62B60A16E0089267C /* HomeViewModel.swift */,
			);
			path = VM;
			sourceTree = "<group>";
		};
		B05737D62B60ED790089267C /* DI */ = {
			isa = PBXGroup;
			children = (
				B05737D72B60ED940089267C /* HomeFeatureComponent.swift */,
				B05737D92B60EDDF0089267C /* HomeFactoryImpl.swift */,
			);
			path = DI;
			sourceTree = "<group>";
		};
		B05737DC2B60F1B40089267C /* Combine */ = {
			isa = PBXGroup;
			children = (
				B05737DD2B60F1D50089267C /* UIControl+publisher.swift */,
				B05737DF2B60F74D0089267C /* UIButton+publisher.swift */,
			);
			path = Combine;
			sourceTree = "<group>";
		};
		B05737E92B61123F0089267C /* PhotoPickerFeature */ = {
			isa = PBXGroup;
			children = (
				B05737ED2B6113640089267C /* Sources */,
				B05737EA2B6113040089267C /* Interface */,
			);
			path = PhotoPickerFeature;
			sourceTree = "<group>";
		};
		B05737EA2B6113040089267C /* Interface */ = {
			isa = PBXGroup;
			children = (
				B05737EB2B61132D0089267C /* PhotoPickerFactory.swift */,
			);
			path = Interface;
			sourceTree = "<group>";
		};
		B05737ED2B6113640089267C /* Sources */ = {
			isa = PBXGroup;
			children = (
				B05738122B625C2C0089267C /* Model */,
				B05738052B614B230089267C /* View */,
				B05737F62B61170F0089267C /* VM */,
				B05737F32B6114AC0089267C /* VC */,
				B05737EE2B6113740089267C /* DI */,
			);
			path = Sources;
			sourceTree = "<group>";
		};
		B05737EE2B6113740089267C /* DI */ = {
			isa = PBXGroup;
			children = (
				B05737EF2B6114350089267C /* PhotoPickerComponent.swift */,
				B05737F12B61145A0089267C /* PhotoPickerFactoryImpl.swift */,
			);
			path = DI;
			sourceTree = "<group>";
		};
		B05737F32B6114AC0089267C /* VC */ = {
			isa = PBXGroup;
			children = (
				B057380F2B623BC00089267C /* Protocolimpl */,
				B05737F42B6114C50089267C /* PhotoPickerViewController.swift */,
				B057386F2B660F8C0089267C /* AlbumPickerVIewController.swift */,
			);
			path = VC;
			sourceTree = "<group>";
		};
		B05737F62B61170F0089267C /* VM */ = {
			isa = PBXGroup;
			children = (
				B05737F72B6117F20089267C /* PhotoPickerViewModel.swift */,
			);
			path = VM;
			sourceTree = "<group>";
		};
		B05737FD2B6123E40089267C /* UserInterface */ = {
			isa = PBXGroup;
			children = (
				B057380A2B620DF10089267C /* FlowLayout */,
				B05738002B612A280089267C /* View */,
				B05737C12B609D8B0089267C /* ResourceSystem */,
			);
			path = UserInterface;
			sourceTree = "<group>";
		};
		B05738002B612A280089267C /* View */ = {
			isa = PBXGroup;
			children = (
				B05737FE2B61240F0089267C /* NavigationBarView.swift */,
			);
			path = View;
			sourceTree = "<group>";
		};
		B05738052B614B230089267C /* View */ = {
			isa = PBXGroup;
			children = (
				B05738062B614B4C0089267C /* BottomEditButtonContainerView.swift */,
				B057380D2B620F740089267C /* PhotoPickerCollectionViewCell.swift */,
			);
			path = View;
			sourceTree = "<group>";
		};
		B057380A2B620DF10089267C /* FlowLayout */ = {
			isa = PBXGroup;
			children = (
				B057380B2B620E370089267C /* GridCollectionViewFlowLayout.swift */,
			);
			path = FlowLayout;
			sourceTree = "<group>";
		};
		B057380F2B623BC00089267C /* Protocolimpl */ = {
			isa = PBXGroup;
			children = (
				B05738032B6145300089267C /* NavigationBarViewDelegate+PhotoPickerViewController.swift */,
				B05738102B623BF10089267C /* CollectionViewDelegate+PhotoPickerViewController.swift */,
				B05738172B6263810089267C /* RequestPermissionable+PhotoPickerViewController.swift */,
				B057382B2B63932D0089267C /* BottomEditButtonContainerView+PhotoPickerViewController.swift */,
				B05738712B661D500089267C /* AlbumPickerVIewControllerDelegate+PhotoPickerViewController.swift */,
			);
			path = Protocolimpl;
			sourceTree = "<group>";
		};
		B05738122B625C2C0089267C /* Model */ = {
			isa = PBXGroup;
			children = (
				B05738132B625D930089267C /* ImageEntity.swift */,
				B057386B2B660A660089267C /* AlbumInfo.swift */,
			);
			path = Model;
			sourceTree = "<group>";
		};
		B057381B2B6384260089267C /* EditFeature */ = {
			isa = PBXGroup;
			children = (
				B05738202B638A290089267C /* Interface */,
				B057381C2B6384350089267C /* Sources */,
			);
			path = EditFeature;
			sourceTree = "<group>";
		};
		B057381C2B6384350089267C /* Sources */ = {
			isa = PBXGroup;
			children = (
				B05738282B638B680089267C /* VM */,
				B05738232B638A710089267C /* DI */,
				B057381D2B6384400089267C /* VC */,
			);
			path = Sources;
			sourceTree = "<group>";
		};
		B057381D2B6384400089267C /* VC */ = {
			isa = PBXGroup;
			children = (
				B05738322B63ADAE0089267C /* View */,
				B057382D2B6399250089267C /* Protocolimpl */,
				B057381E2B6385170089267C /* EditListViewController.swift */,
			);
			path = VC;
			sourceTree = "<group>";
		};
		B05738202B638A290089267C /* Interface */ = {
			isa = PBXGroup;
			children = (
				B05738212B638A440089267C /* EditListFactory.swift */,
			);
			path = Interface;
			sourceTree = "<group>";
		};
		B05738232B638A710089267C /* DI */ = {
			isa = PBXGroup;
			children = (
				B05738242B638A7A0089267C /* EditListComponent.swift */,
				B05738262B638AFA0089267C /* EditListFactoryImpl.swift */,
			);
			path = DI;
			sourceTree = "<group>";
		};
		B05738282B638B680089267C /* VM */ = {
			isa = PBXGroup;
			children = (
				B05738292B638B760089267C /* EditListViewModel.swift */,
			);
			path = VM;
			sourceTree = "<group>";
		};
		B057382D2B6399250089267C /* Protocolimpl */ = {
			isa = PBXGroup;
			children = (
				B057382E2B6399360089267C /* NavigationBarViewDelegate+EditListViewController.swift */,
				B05738302B63A3210089267C /* CollectionViewDelegate+EditListViewController.swift */,
			);
			path = Protocolimpl;
			sourceTree = "<group>";
		};
		B05738322B63ADAE0089267C /* View */ = {
			isa = PBXGroup;
			children = (
				B05738332B63ADD10089267C /* EditListCollectionViewCell.swift */,
			);
			path = View;
			sourceTree = "<group>";
		};
		B05738392B63D3B60089267C /* CropFeature */ = {
			isa = PBXGroup;
			children = (
				B057383B2B63D3C30089267C /* Sources */,
				B057383A2B63D3BE0089267C /* Interface */,
			);
			path = CropFeature;
			sourceTree = "<group>";
		};
		B057383A2B63D3BE0089267C /* Interface */ = {
			isa = PBXGroup;
			children = (
				B057383E2B63D3E40089267C /* CropFactory.swift */,
			);
			path = Interface;
			sourceTree = "<group>";
		};
		B057383B2B63D3C30089267C /* Sources */ = {
			isa = PBXGroup;
			children = (
				B05738452B63E8860089267C /* View */,
				B05738402B63D4290089267C /* DI */,
				B057383D2B63D3CE0089267C /* VC */,
				B057383C2B63D3CB0089267C /* VM */,
			);
			path = Sources;
			sourceTree = "<group>";
		};
		B057383C2B63D3CB0089267C /* VM */ = {
			isa = PBXGroup;
			children = (
				B05738372B63D3720089267C /* CropViewModel.swift */,
			);
			path = VM;
			sourceTree = "<group>";
		};
		B057383D2B63D3CE0089267C /* VC */ = {
			isa = PBXGroup;
			children = (
				B05738352B63D3210089267C /* CropViewController.swift */,
			);
			path = VC;
			sourceTree = "<group>";
		};
		B05738402B63D4290089267C /* DI */ = {
			isa = PBXGroup;
			children = (
				B05738412B63D4360089267C /* CropFactoryImpl.swift */,
				B05738432B63D48D0089267C /* CropComponent.swift */,
			);
			path = DI;
			sourceTree = "<group>";
		};
		B05738452B63E8860089267C /* View */ = {
			isa = PBXGroup;
			children = (
				B05738462B63E8A00089267C /* CropView.swift */,
				B057385F2B6501410089267C /* CropPickerView.swift */,
				B05738612B6509A60089267C /* CircleButton.swift */,
			);
			path = View;
			sourceTree = "<group>";
		};
		B05738682B6534F70089267C /* Protocolimpl */ = {
			isa = PBXGroup;
			children = (
				B05738692B65350C0089267C /* CollectionViewDelegate+HomeViewController.swift */,
			);
			path = Protocolimpl;
			sourceTree = "<group>";
		};
/* End PBXGroup section */

/* Begin PBXNativeTarget section */
		B05737812B5FAB1F0089267C /* PhotoPicker */ = {
			isa = PBXNativeTarget;
			buildConfigurationList = B05737AC2B5FAB210089267C /* Build configuration list for PBXNativeTarget "PhotoPicker" */;
			buildPhases = (
				B057377E2B5FAB1F0089267C /* Sources */,
				B057377F2B5FAB1F0089267C /* Frameworks */,
				B05737802B5FAB1F0089267C /* Resources */,
			);
			buildRules = (
			);
			dependencies = (
			);
			name = PhotoPicker;
			productName = PhotoPicker;
			productReference = B05737822B5FAB1F0089267C /* PhotoPicker.app */;
			productType = "com.apple.product-type.application";
		};
		B05737972B5FAB210089267C /* PhotoPickerTests */ = {
			isa = PBXNativeTarget;
			buildConfigurationList = B05737AF2B5FAB210089267C /* Build configuration list for PBXNativeTarget "PhotoPickerTests" */;
			buildPhases = (
				B05737942B5FAB210089267C /* Sources */,
				B05737952B5FAB210089267C /* Frameworks */,
				B05737962B5FAB210089267C /* Resources */,
			);
			buildRules = (
			);
			dependencies = (
				B057379A2B5FAB210089267C /* PBXTargetDependency */,
			);
			name = PhotoPickerTests;
			productName = PhotoPickerTests;
			productReference = B05737982B5FAB210089267C /* PhotoPickerTests.xctest */;
			productType = "com.apple.product-type.bundle.unit-test";
		};
/* End PBXNativeTarget section */

/* Begin PBXProject section */
		B057377A2B5FAB1F0089267C /* Project object */ = {
			isa = PBXProject;
			attributes = {
				BuildIndependentTargetsInParallel = 1;
				LastSwiftUpdateCheck = 1500;
				LastUpgradeCheck = 1500;
				TargetAttributes = {
					B05737812B5FAB1F0089267C = {
						CreatedOnToolsVersion = 15.0;
					};
					B05737972B5FAB210089267C = {
						CreatedOnToolsVersion = 15.0;
						TestTargetID = B05737812B5FAB1F0089267C;
					};
				};
			};
			buildConfigurationList = B057377D2B5FAB1F0089267C /* Build configuration list for PBXProject "PhotoPicker" */;
			compatibilityVersion = "Xcode 14.0";
			developmentRegion = en;
			hasScannedForEncodings = 0;
			knownRegions = (
				en,
				Base,
			);
			mainGroup = B05737792B5FAB1F0089267C;
			productRefGroup = B05737832B5FAB1F0089267C /* Products */;
			projectDirPath = "";
			projectRoot = "";
			targets = (
				B05737812B5FAB1F0089267C /* PhotoPicker */,
				B05737972B5FAB210089267C /* PhotoPickerTests */,
			);
		};
/* End PBXProject section */

/* Begin PBXResourcesBuildPhase section */
		B05737802B5FAB1F0089267C /* Resources */ = {
			isa = PBXResourcesBuildPhase;
			buildActionMask = 2147483647;
			files = (
				B05737922B5FAB200089267C /* LaunchScreen.storyboard in Resources */,
				B057378F2B5FAB200089267C /* Assets.xcassets in Resources */,
			);
			runOnlyForDeploymentPostprocessing = 0;
		};
		B05737962B5FAB210089267C /* Resources */ = {
			isa = PBXResourcesBuildPhase;
			buildActionMask = 2147483647;
			files = (
			);
			runOnlyForDeploymentPostprocessing = 0;
		};
/* End PBXResourcesBuildPhase section */

/* Begin PBXSourcesBuildPhase section */
		B057377E2B5FAB1F0089267C /* Sources */ = {
			isa = PBXSourcesBuildPhase;
			buildActionMask = 2147483647;
			files = (
				B057381F2B6385170089267C /* EditListViewController.swift in Sources */,
				B05737CF2B60EABA0089267C /* AppDependency.swift in Sources */,
				B05737EC2B61132D0089267C /* PhotoPickerFactory.swift in Sources */,
				B057382C2B63932D0089267C /* BottomEditButtonContainerView+PhotoPickerViewController.swift in Sources */,
				B05738252B638A7A0089267C /* EditListComponent.swift in Sources */,
				B05738072B614B4C0089267C /* BottomEditButtonContainerView.swift in Sources */,
				B05738022B612DE30089267C /* DaangnImageSystem.swift in Sources */,
				B05737DA2B60EDDF0089267C /* HomeFactoryImpl.swift in Sources */,
				B057378A2B5FAB1F0089267C /* HomeViewController.swift in Sources */,
				B05737E02B60F74D0089267C /* UIButton+publisher.swift in Sources */,
				B057383F2B63D3E40089267C /* CropFactory.swift in Sources */,
				B05737FF2B6124100089267C /* NavigationBarView.swift in Sources */,
				B05738602B6501410089267C /* CropPickerView.swift in Sources */,
				B057382A2B638B760089267C /* EditListViewModel.swift in Sources */,
				B05738442B63D48D0089267C /* CropComponent.swift in Sources */,
				B057385E2B64F4760089267C /* UIImageVIew+Extension.swift in Sources */,
				B05738182B6263810089267C /* RequestPermissionable+PhotoPickerViewController.swift in Sources */,
				B05737F52B6114C50089267C /* PhotoPickerViewController.swift in Sources */,
				B05738162B62614F0089267C /* RequestPermissionable.swift in Sources */,
				B05737DE2B60F1D50089267C /* UIControl+publisher.swift in Sources */,
				B05737C72B60A16E0089267C /* HomeViewModel.swift in Sources */,
				B05737862B5FAB1F0089267C /* AppDelegate.swift in Sources */,
				B05737F22B61145A0089267C /* PhotoPickerFactoryImpl.swift in Sources */,
				B05738092B615D670089267C /* UIImage+Extension.swift in Sources */,
				B05738342B63ADD10089267C /* EditListCollectionViewCell.swift in Sources */,
				B05737BA2B5FB0480089267C /* UIView+Extension.swift in Sources */,
				B05738222B638A440089267C /* EditListFactory.swift in Sources */,
				B057386C2B660A660089267C /* AlbumInfo.swift in Sources */,
				B05738362B63D3210089267C /* CropViewController.swift in Sources */,
				B05737D22B60EC5A0089267C /* HomeFactory.swift in Sources */,
				B05737BD2B5FB6370089267C /* UIViewController+Extension.swift in Sources */,
				B05737882B5FAB1F0089267C /* SceneDelegate.swift in Sources */,
				B05738622B6509A60089267C /* CircleButton.swift in Sources */,
				B05738312B63A3210089267C /* CollectionViewDelegate+EditListViewController.swift in Sources */,
				B05738142B625D930089267C /* ImageEntity.swift in Sources */,
				B057384B2B63F1200089267C /* UIBezierPath+Extension.swift in Sources */,
				B05737F02B6114350089267C /* PhotoPickerComponent.swift in Sources */,
				B05738042B6145300089267C /* NavigationBarViewDelegate+PhotoPickerViewController.swift in Sources */,
				B057380C2B620E370089267C /* GridCollectionViewFlowLayout.swift in Sources */,
				B05738702B660F8C0089267C /* AlbumPickerVIewController.swift in Sources */,
				B05738272B638AFA0089267C /* EditListFactoryImpl.swift in Sources */,
				B05737C52B609FDF0089267C /* UIButton+Extension.swift in Sources */,
				B05737C02B5FEAC80089267C /* Utils.swift in Sources */,
				B05738422B63D4360089267C /* CropFactoryImpl.swift in Sources */,
				B057382F2B6399360089267C /* NavigationBarViewDelegate+EditListViewController.swift in Sources */,
				B05738112B623BF10089267C /* CollectionViewDelegate+PhotoPickerViewController.swift in Sources */,
				B05738472B63E8A00089267C /* CropView.swift in Sources */,
				B05737F82B6117F20089267C /* PhotoPickerViewModel.swift in Sources */,
				B057386A2B65350C0089267C /* CollectionViewDelegate+HomeViewController.swift in Sources */,
				B05738382B63D3720089267C /* CropViewModel.swift in Sources */,
				B05737D82B60ED940089267C /* HomeFeatureComponent.swift in Sources */,
				B05738722B661D500089267C /* AlbumPickerVIewControllerDelegate+PhotoPickerViewController.swift in Sources */,
				B057380E2B620F740089267C /* PhotoPickerCollectionViewCell.swift in Sources */,
				B057381A2B6292860089267C /* PHAsset+Extension.swift in Sources */,
				B05737CA2B60A19F0089267C /* ViewModelType.swift in Sources */,
				B05737C32B609DC90089267C /* DaangnColorSystem.swift in Sources */,
			);
			runOnlyForDeploymentPostprocessing = 0;
		};
		B05737942B5FAB210089267C /* Sources */ = {
			isa = PBXSourcesBuildPhase;
			buildActionMask = 2147483647;
			files = (
				B057379D2B5FAB210089267C /* HomeViewModelTests.swift in Sources */,
				B057384D2B64AC510089267C /* PhotoPickerViewModelTests.swift in Sources */,
				B05738662B6529F50089267C /* EditListViewModelTests.swift in Sources */,
			);
			runOnlyForDeploymentPostprocessing = 0;
		};
/* End PBXSourcesBuildPhase section */

/* Begin PBXTargetDependency section */
		B057379A2B5FAB210089267C /* PBXTargetDependency */ = {
			isa = PBXTargetDependency;
			target = B05737812B5FAB1F0089267C /* PhotoPicker */;
			targetProxy = B05737992B5FAB210089267C /* PBXContainerItemProxy */;
		};
/* End PBXTargetDependency section */

/* Begin PBXVariantGroup section */
		B05737902B5FAB200089267C /* LaunchScreen.storyboard */ = {
			isa = PBXVariantGroup;
			children = (
				B05737912B5FAB200089267C /* Base */,
			);
			name = LaunchScreen.storyboard;
			sourceTree = "<group>";
		};
/* End PBXVariantGroup section */

/* Begin XCBuildConfiguration section */
		B05737AA2B5FAB210089267C /* Debug */ = {
			isa = XCBuildConfiguration;
			buildSettings = {
				ALWAYS_SEARCH_USER_PATHS = NO;
				ASSETCATALOG_COMPILER_GENERATE_SWIFT_ASSET_SYMBOL_EXTENSIONS = YES;
				CLANG_ANALYZER_NONNULL = YES;
				CLANG_ANALYZER_NUMBER_OBJECT_CONVERSION = YES_AGGRESSIVE;
				CLANG_CXX_LANGUAGE_STANDARD = "gnu++20";
				CLANG_ENABLE_MODULES = YES;
				CLANG_ENABLE_OBJC_ARC = YES;
				CLANG_ENABLE_OBJC_WEAK = YES;
				CLANG_WARN_BLOCK_CAPTURE_AUTORELEASING = YES;
				CLANG_WARN_BOOL_CONVERSION = YES;
				CLANG_WARN_COMMA = YES;
				CLANG_WARN_CONSTANT_CONVERSION = YES;
				CLANG_WARN_DEPRECATED_OBJC_IMPLEMENTATIONS = YES;
				CLANG_WARN_DIRECT_OBJC_ISA_USAGE = YES_ERROR;
				CLANG_WARN_DOCUMENTATION_COMMENTS = YES;
				CLANG_WARN_EMPTY_BODY = YES;
				CLANG_WARN_ENUM_CONVERSION = YES;
				CLANG_WARN_INFINITE_RECURSION = YES;
				CLANG_WARN_INT_CONVERSION = YES;
				CLANG_WARN_NON_LITERAL_NULL_CONVERSION = YES;
				CLANG_WARN_OBJC_IMPLICIT_RETAIN_SELF = YES;
				CLANG_WARN_OBJC_LITERAL_CONVERSION = YES;
				CLANG_WARN_OBJC_ROOT_CLASS = YES_ERROR;
				CLANG_WARN_QUOTED_INCLUDE_IN_FRAMEWORK_HEADER = YES;
				CLANG_WARN_RANGE_LOOP_ANALYSIS = YES;
				CLANG_WARN_STRICT_PROTOTYPES = YES;
				CLANG_WARN_SUSPICIOUS_MOVE = YES;
				CLANG_WARN_UNGUARDED_AVAILABILITY = YES_AGGRESSIVE;
				CLANG_WARN_UNREACHABLE_CODE = YES;
				CLANG_WARN__DUPLICATE_METHOD_MATCH = YES;
				COPY_PHASE_STRIP = NO;
				DEBUG_INFORMATION_FORMAT = dwarf;
				ENABLE_STRICT_OBJC_MSGSEND = YES;
				ENABLE_TESTABILITY = YES;
				ENABLE_USER_SCRIPT_SANDBOXING = YES;
				GCC_C_LANGUAGE_STANDARD = gnu17;
				GCC_DYNAMIC_NO_PIC = NO;
				GCC_NO_COMMON_BLOCKS = YES;
				GCC_OPTIMIZATION_LEVEL = 0;
				GCC_PREPROCESSOR_DEFINITIONS = (
					"DEBUG=1",
					"$(inherited)",
				);
				GCC_WARN_64_TO_32_BIT_CONVERSION = YES;
				GCC_WARN_ABOUT_RETURN_TYPE = YES_ERROR;
				GCC_WARN_UNDECLARED_SELECTOR = YES;
				GCC_WARN_UNINITIALIZED_AUTOS = YES_AGGRESSIVE;
				GCC_WARN_UNUSED_FUNCTION = YES;
				GCC_WARN_UNUSED_VARIABLE = YES;
				IPHONEOS_DEPLOYMENT_TARGET = 16.0;
				LOCALIZATION_PREFERS_STRING_CATALOGS = YES;
				MTL_ENABLE_DEBUG_INFO = INCLUDE_SOURCE;
				MTL_FAST_MATH = YES;
				ONLY_ACTIVE_ARCH = YES;
				SDKROOT = iphoneos;
				SWIFT_ACTIVE_COMPILATION_CONDITIONS = "DEBUG $(inherited)";
				SWIFT_OPTIMIZATION_LEVEL = "-Onone";
			};
			name = Debug;
		};
		B05737AB2B5FAB210089267C /* Release */ = {
			isa = XCBuildConfiguration;
			buildSettings = {
				ALWAYS_SEARCH_USER_PATHS = NO;
				ASSETCATALOG_COMPILER_GENERATE_SWIFT_ASSET_SYMBOL_EXTENSIONS = YES;
				CLANG_ANALYZER_NONNULL = YES;
				CLANG_ANALYZER_NUMBER_OBJECT_CONVERSION = YES_AGGRESSIVE;
				CLANG_CXX_LANGUAGE_STANDARD = "gnu++20";
				CLANG_ENABLE_MODULES = YES;
				CLANG_ENABLE_OBJC_ARC = YES;
				CLANG_ENABLE_OBJC_WEAK = YES;
				CLANG_WARN_BLOCK_CAPTURE_AUTORELEASING = YES;
				CLANG_WARN_BOOL_CONVERSION = YES;
				CLANG_WARN_COMMA = YES;
				CLANG_WARN_CONSTANT_CONVERSION = YES;
				CLANG_WARN_DEPRECATED_OBJC_IMPLEMENTATIONS = YES;
				CLANG_WARN_DIRECT_OBJC_ISA_USAGE = YES_ERROR;
				CLANG_WARN_DOCUMENTATION_COMMENTS = YES;
				CLANG_WARN_EMPTY_BODY = YES;
				CLANG_WARN_ENUM_CONVERSION = YES;
				CLANG_WARN_INFINITE_RECURSION = YES;
				CLANG_WARN_INT_CONVERSION = YES;
				CLANG_WARN_NON_LITERAL_NULL_CONVERSION = YES;
				CLANG_WARN_OBJC_IMPLICIT_RETAIN_SELF = YES;
				CLANG_WARN_OBJC_LITERAL_CONVERSION = YES;
				CLANG_WARN_OBJC_ROOT_CLASS = YES_ERROR;
				CLANG_WARN_QUOTED_INCLUDE_IN_FRAMEWORK_HEADER = YES;
				CLANG_WARN_RANGE_LOOP_ANALYSIS = YES;
				CLANG_WARN_STRICT_PROTOTYPES = YES;
				CLANG_WARN_SUSPICIOUS_MOVE = YES;
				CLANG_WARN_UNGUARDED_AVAILABILITY = YES_AGGRESSIVE;
				CLANG_WARN_UNREACHABLE_CODE = YES;
				CLANG_WARN__DUPLICATE_METHOD_MATCH = YES;
				COPY_PHASE_STRIP = NO;
				DEBUG_INFORMATION_FORMAT = "dwarf-with-dsym";
				ENABLE_NS_ASSERTIONS = NO;
				ENABLE_STRICT_OBJC_MSGSEND = YES;
				ENABLE_USER_SCRIPT_SANDBOXING = YES;
				GCC_C_LANGUAGE_STANDARD = gnu17;
				GCC_NO_COMMON_BLOCKS = YES;
				GCC_WARN_64_TO_32_BIT_CONVERSION = YES;
				GCC_WARN_ABOUT_RETURN_TYPE = YES_ERROR;
				GCC_WARN_UNDECLARED_SELECTOR = YES;
				GCC_WARN_UNINITIALIZED_AUTOS = YES_AGGRESSIVE;
				GCC_WARN_UNUSED_FUNCTION = YES;
				GCC_WARN_UNUSED_VARIABLE = YES;
				IPHONEOS_DEPLOYMENT_TARGET = 16.0;
				LOCALIZATION_PREFERS_STRING_CATALOGS = YES;
				MTL_ENABLE_DEBUG_INFO = NO;
				MTL_FAST_MATH = YES;
				SDKROOT = iphoneos;
				SWIFT_COMPILATION_MODE = wholemodule;
				VALIDATE_PRODUCT = YES;
			};
			name = Release;
		};
		B05737AD2B5FAB210089267C /* Debug */ = {
			isa = XCBuildConfiguration;
			buildSettings = {
				ASSETCATALOG_COMPILER_APPICON_NAME = AppIcon;
				ASSETCATALOG_COMPILER_GLOBAL_ACCENT_COLOR_NAME = AccentColor;
				CODE_SIGN_IDENTITY = "Apple Development";
				CODE_SIGN_STYLE = Automatic;
				CURRENT_PROJECT_VERSION = 1;
				DEVELOPMENT_TEAM = 28NL63HBTJ;
				GENERATE_INFOPLIST_FILE = YES;
				INFOPLIST_FILE = PhotoPicker/Info.plist;
				INFOPLIST_KEY_UIApplicationSupportsIndirectInputEvents = YES;
				INFOPLIST_KEY_UILaunchStoryboardName = LaunchScreen;
				INFOPLIST_KEY_UISupportedInterfaceOrientations_iPad = "UIInterfaceOrientationPortrait UIInterfaceOrientationPortraitUpsideDown UIInterfaceOrientationLandscapeLeft UIInterfaceOrientationLandscapeRight";
				INFOPLIST_KEY_UISupportedInterfaceOrientations_iPhone = "UIInterfaceOrientationPortrait UIInterfaceOrientationLandscapeLeft UIInterfaceOrientationLandscapeRight";
				LD_RUNPATH_SEARCH_PATHS = (
					"$(inherited)",
					"@executable_path/Frameworks",
				);
				MARKETING_VERSION = 1.0;
				PRODUCT_BUNDLE_IDENTIFIER = com.PhotoPicker;
				PRODUCT_NAME = "$(TARGET_NAME)";
				PROVISIONING_PROFILE_SPECIFIER = "";
				SWIFT_EMIT_LOC_STRINGS = YES;
				SWIFT_VERSION = 5.0;
				TARGETED_DEVICE_FAMILY = "1,2";
			};
			name = Debug;
		};
		B05737AE2B5FAB210089267C /* Release */ = {
			isa = XCBuildConfiguration;
			buildSettings = {
				ASSETCATALOG_COMPILER_APPICON_NAME = AppIcon;
				ASSETCATALOG_COMPILER_GLOBAL_ACCENT_COLOR_NAME = AccentColor;
				CODE_SIGN_IDENTITY = "Apple Development";
				CODE_SIGN_STYLE = Automatic;
				CURRENT_PROJECT_VERSION = 1;
				DEVELOPMENT_TEAM = 28NL63HBTJ;
				GENERATE_INFOPLIST_FILE = YES;
				INFOPLIST_FILE = PhotoPicker/Info.plist;
				INFOPLIST_KEY_UIApplicationSupportsIndirectInputEvents = YES;
				INFOPLIST_KEY_UILaunchStoryboardName = LaunchScreen;
				INFOPLIST_KEY_UISupportedInterfaceOrientations_iPad = "UIInterfaceOrientationPortrait UIInterfaceOrientationPortraitUpsideDown UIInterfaceOrientationLandscapeLeft UIInterfaceOrientationLandscapeRight";
				INFOPLIST_KEY_UISupportedInterfaceOrientations_iPhone = "UIInterfaceOrientationPortrait UIInterfaceOrientationLandscapeLeft UIInterfaceOrientationLandscapeRight";
				LD_RUNPATH_SEARCH_PATHS = (
					"$(inherited)",
					"@executable_path/Frameworks",
				);
				MARKETING_VERSION = 1.0;
				PRODUCT_BUNDLE_IDENTIFIER = com.PhotoPicker;
				PRODUCT_NAME = "$(TARGET_NAME)";
				PROVISIONING_PROFILE_SPECIFIER = "";
				SWIFT_EMIT_LOC_STRINGS = YES;
				SWIFT_VERSION = 5.0;
				TARGETED_DEVICE_FAMILY = "1,2";
			};
			name = Release;
		};
		B05737B02B5FAB210089267C /* Debug */ = {
			isa = XCBuildConfiguration;
			buildSettings = {
				ALWAYS_EMBED_SWIFT_STANDARD_LIBRARIES = YES;
				BUNDLE_LOADER = "$(TEST_HOST)";
				CODE_SIGN_STYLE = Automatic;
				CURRENT_PROJECT_VERSION = 1;
				DEVELOPMENT_TEAM = 28NL63HBTJ;
				GENERATE_INFOPLIST_FILE = YES;
				IPHONEOS_DEPLOYMENT_TARGET = 17.0;
				MARKETING_VERSION = 1.0;
				PRODUCT_BUNDLE_IDENTIFIER = com.PhotoPickerTests;
				PRODUCT_NAME = "$(TARGET_NAME)";
				SWIFT_EMIT_LOC_STRINGS = NO;
				SWIFT_VERSION = 5.0;
				TARGETED_DEVICE_FAMILY = "1,2";
				TEST_HOST = "$(BUILT_PRODUCTS_DIR)/PhotoPicker.app/$(BUNDLE_EXECUTABLE_FOLDER_PATH)/PhotoPicker";
			};
			name = Debug;
		};
		B05737B12B5FAB210089267C /* Release */ = {
			isa = XCBuildConfiguration;
			buildSettings = {
				ALWAYS_EMBED_SWIFT_STANDARD_LIBRARIES = YES;
				BUNDLE_LOADER = "$(TEST_HOST)";
				CODE_SIGN_STYLE = Automatic;
				CURRENT_PROJECT_VERSION = 1;
				DEVELOPMENT_TEAM = 28NL63HBTJ;
				GENERATE_INFOPLIST_FILE = YES;
				IPHONEOS_DEPLOYMENT_TARGET = 17.0;
				MARKETING_VERSION = 1.0;
				PRODUCT_BUNDLE_IDENTIFIER = com.PhotoPickerTests;
				PRODUCT_NAME = "$(TARGET_NAME)";
				SWIFT_EMIT_LOC_STRINGS = NO;
				SWIFT_VERSION = 5.0;
				TARGETED_DEVICE_FAMILY = "1,2";
				TEST_HOST = "$(BUILT_PRODUCTS_DIR)/PhotoPicker.app/$(BUNDLE_EXECUTABLE_FOLDER_PATH)/PhotoPicker";
			};
			name = Release;
		};
/* End XCBuildConfiguration section */

/* Begin XCConfigurationList section */
		B057377D2B5FAB1F0089267C /* Build configuration list for PBXProject "PhotoPicker" */ = {
			isa = XCConfigurationList;
			buildConfigurations = (
				B05737AA2B5FAB210089267C /* Debug */,
				B05737AB2B5FAB210089267C /* Release */,
			);
			defaultConfigurationIsVisible = 0;
			defaultConfigurationName = Release;
		};
		B05737AC2B5FAB210089267C /* Build configuration list for PBXNativeTarget "PhotoPicker" */ = {
			isa = XCConfigurationList;
			buildConfigurations = (
				B05737AD2B5FAB210089267C /* Debug */,
				B05737AE2B5FAB210089267C /* Release */,
			);
			defaultConfigurationIsVisible = 0;
			defaultConfigurationName = Release;
		};
		B05737AF2B5FAB210089267C /* Build configuration list for PBXNativeTarget "PhotoPickerTests" */ = {
			isa = XCConfigurationList;
			buildConfigurations = (
				B05737B02B5FAB210089267C /* Debug */,
				B05737B12B5FAB210089267C /* Release */,
			);
			defaultConfigurationIsVisible = 0;
			defaultConfigurationName = Release;
		};
/* End XCConfigurationList section */
	};
	rootObject = B057377A2B5FAB1F0089267C /* Project object */;
}
